// !$*UTF8*$!
{
	archiveVersion = 1;
	classes = {
	};
	objectVersion = 46;
	objects = {

/* Begin PBXBuildFile section */
		4643B002980E3B53216E3B25 /* libPods.a in Frameworks */ = {isa = PBXBuildFile; fileRef = 9CDEB74FBAB3F49CBF7C894D /* libPods.a */; };
		C20B2E5B1BB39AEF00DC6C38 /* WebViewController.m in Sources */ = {isa = PBXBuildFile; fileRef = C20B2E5A1BB39AEF00DC6C38 /* WebViewController.m */; };
		C26498421BAF8A0500C89B78 /* NewsListHelper.m in Sources */ = {isa = PBXBuildFile; fileRef = C26498411BAF8A0500C89B78 /* NewsListHelper.m */; };
		C26498451BAF8A2900C89B78 /* NewsListItem.m in Sources */ = {isa = PBXBuildFile; fileRef = C26498441BAF8A2900C89B78 /* NewsListItem.m */; };
		C297F0BD1BB2DB18004E2780 /* CmsCell.m in Sources */ = {isa = PBXBuildFile; fileRef = C297F0BB1BB2DB18004E2780 /* CmsCell.m */; };
		C297F0BE1BB2DB18004E2780 /* CmsCell.xib in Resources */ = {isa = PBXBuildFile; fileRef = C297F0BC1BB2DB18004E2780 /* CmsCell.xib */; };
		C297F0C21BB2E871004E2780 /* HdpicCell.m in Sources */ = {isa = PBXBuildFile; fileRef = C297F0C01BB2E871004E2780 /* HdpicCell.m */; };
		C297F0C31BB2E871004E2780 /* HdpicCell.xib in Resources */ = {isa = PBXBuildFile; fileRef = C297F0C11BB2E871004E2780 /* HdpicCell.xib */; };
		C29B91FB1BAD98A2000364A5 /* main.m in Sources */ = {isa = PBXBuildFile; fileRef = C29B91FA1BAD98A2000364A5 /* main.m */; };
		C29B91FE1BAD98A2000364A5 /* AppDelegate.m in Sources */ = {isa = PBXBuildFile; fileRef = C29B91FD1BAD98A2000364A5 /* AppDelegate.m */; };
		C29B92011BAD98A2000364A5 /* WQNews.xcdatamodeld in Sources */ = {isa = PBXBuildFile; fileRef = C29B91FF1BAD98A2000364A5 /* WQNews.xcdatamodeld */; };
		C29B92031BAD98A2000364A5 /* Images.xcassets in Resources */ = {isa = PBXBuildFile; fileRef = C29B92021BAD98A2000364A5 /* Images.xcassets */; };
		C29B92061BAD98A2000364A5 /* LaunchScreen.xib in Resources */ = {isa = PBXBuildFile; fileRef = C29B92041BAD98A2000364A5 /* LaunchScreen.xib */; };
		C29B92121BAD98A2000364A5 /* WQNewsTests.m in Sources */ = {isa = PBXBuildFile; fileRef = C29B92111BAD98A2000364A5 /* WQNewsTests.m */; };
		C29B922B1BAD9BA0000364A5 /* NewsListController.m in Sources */ = {isa = PBXBuildFile; fileRef = C29B922A1BAD9BA0000364A5 /* NewsListController.m */; };
		C29B922E1BAD9CC8000364A5 /* PictureController.m in Sources */ = {isa = PBXBuildFile; fileRef = C29B922D1BAD9CC8000364A5 /* PictureController.m */; };
		C29B92311BAD9CD9000364A5 /* VideoController.m in Sources */ = {isa = PBXBuildFile; fileRef = C29B92301BAD9CD9000364A5 /* VideoController.m */; };
		C29B92341BAD9CE7000364A5 /* MyController.m in Sources */ = {isa = PBXBuildFile; fileRef = C29B92331BAD9CE7000364A5 /* MyController.m */; };
		C2DEC15C1BB1434B008C7155 /* IanScrollImageView.m in Sources */ = {isa = PBXBuildFile; fileRef = C2DEC1581BB1434B008C7155 /* IanScrollImageView.m */; };
		C2DEC15D1BB1434B008C7155 /* IanScrollView.m in Sources */ = {isa = PBXBuildFile; fileRef = C2DEC15A1BB1434B008C7155 /* IanScrollView.m */; };
		C2DEC15E1BB1434B008C7155 /* IanScrollViewDefault@2x.png in Resources */ = {isa = PBXBuildFile; fileRef = C2DEC15B1BB1434B008C7155 /* IanScrollViewDefault@2x.png */; };
		C2DEC1611BB15266008C7155 /* TouTiaoNews.m in Sources */ = {isa = PBXBuildFile; fileRef = C2DEC1601BB15266008C7155 /* TouTiaoNews.m */; };
		C2F91B9A1BB24BF90053C73D /* LBViewController.m in Sources */ = {isa = PBXBuildFile; fileRef = C2F91B991BB24BF90053C73D /* LBViewController.m */; };
		C2F91B9F1BB25B550053C73D /* back.png in Resources */ = {isa = PBXBuildFile; fileRef = C2F91B9C1BB25B550053C73D /* back.png */; };
		C2F91BA01BB25B550053C73D /* mind.png in Resources */ = {isa = PBXBuildFile; fileRef = C2F91B9D1BB25B550053C73D /* mind.png */; };
		C2F91BA11BB25B550053C73D /* star.png in Resources */ = {isa = PBXBuildFile; fileRef = C2F91B9E1BB25B550053C73D /* star.png */; };
		C2F91BA71BB284DD0053C73D /* news.png in Resources */ = {isa = PBXBuildFile; fileRef = C2F91BA31BB284DD0053C73D /* news.png */; };
		C2F91BA81BB284DD0053C73D /* picture.png in Resources */ = {isa = PBXBuildFile; fileRef = C2F91BA41BB284DD0053C73D /* picture.png */; };
		C2F91BA91BB284DD0053C73D /* video.png in Resources */ = {isa = PBXBuildFile; fileRef = C2F91BA51BB284DD0053C73D /* video.png */; };
		C2F91BAB1BB2862B0053C73D /* my.png in Resources */ = {isa = PBXBuildFile; fileRef = C2F91BAA1BB2862B0053C73D /* my.png */; };
		C2F91BAF1BB298C60053C73D /* SubjectCell.m in Sources */ = {isa = PBXBuildFile; fileRef = C2F91BAD1BB298C60053C73D /* SubjectCell.m */; };
		C2F91BB01BB298C60053C73D /* SubjectCell.xib in Resources */ = {isa = PBXBuildFile; fileRef = C2F91BAE1BB298C60053C73D /* SubjectCell.xib */; };
		C2F91BB41BB2D3190053C73D /* VIdeoCell.m in Sources */ = {isa = PBXBuildFile; fileRef = C2F91BB21BB2D3190053C73D /* VIdeoCell.m */; };
		C2F91BB51BB2D3190053C73D /* VIdeoCell.xib in Resources */ = {isa = PBXBuildFile; fileRef = C2F91BB31BB2D3190053C73D /* VIdeoCell.xib */; };
/* End PBXBuildFile section */

/* Begin PBXContainerItemProxy section */
		C29B920C1BAD98A2000364A5 /* PBXContainerItemProxy */ = {
			isa = PBXContainerItemProxy;
			containerPortal = C29B91ED1BAD98A2000364A5 /* Project object */;
			proxyType = 1;
			remoteGlobalIDString = C29B91F41BAD98A2000364A5;
			remoteInfo = WQNews;
		};
/* End PBXContainerItemProxy section */

/* Begin PBXFileReference section */
		3744D4FA82860515712FA278 /* Pods.release.xcconfig */ = {isa = PBXFileReference; includeInIndex = 1; lastKnownFileType = text.xcconfig; name = Pods.release.xcconfig; path = "Pods/Target Support Files/Pods/Pods.release.xcconfig"; sourceTree = "<group>"; };
		9CDEB74FBAB3F49CBF7C894D /* libPods.a */ = {isa = PBXFileReference; explicitFileType = archive.ar; includeInIndex = 0; path = libPods.a; sourceTree = BUILT_PRODUCTS_DIR; };
		B1C8A8C148D31A732369856B /* Pods.debug.xcconfig */ = {isa = PBXFileReference; includeInIndex = 1; lastKnownFileType = text.xcconfig; name = Pods.debug.xcconfig; path = "Pods/Target Support Files/Pods/Pods.debug.xcconfig"; sourceTree = "<group>"; };
		C20B2E591BB39AEF00DC6C38 /* WebViewController.h */ = {isa = PBXFileReference; fileEncoding = 4; lastKnownFileType = sourcecode.c.h; name = WebViewController.h; path = WQNews/CLasses/General/Views/Cells/WebViewController.h; sourceTree = SOURCE_ROOT; };
		C20B2E5A1BB39AEF00DC6C38 /* WebViewController.m */ = {isa = PBXFileReference; fileEncoding = 4; lastKnownFileType = sourcecode.c.objc; name = WebViewController.m; path = WQNews/CLasses/General/Views/Cells/WebViewController.m; sourceTree = SOURCE_ROOT; };
		C26498401BAF8A0500C89B78 /* NewsListHelper.h */ = {isa = PBXFileReference; fileEncoding = 4; lastKnownFileType = sourcecode.c.h; path = NewsListHelper.h; sourceTree = "<group>"; };
		C26498411BAF8A0500C89B78 /* NewsListHelper.m */ = {isa = PBXFileReference; fileEncoding = 4; lastKnownFileType = sourcecode.c.objc; path = NewsListHelper.m; sourceTree = "<group>"; };
		C26498431BAF8A2900C89B78 /* NewsListItem.h */ = {isa = PBXFileReference; fileEncoding = 4; lastKnownFileType = sourcecode.c.h; path = NewsListItem.h; sourceTree = "<group>"; };
		C26498441BAF8A2900C89B78 /* NewsListItem.m */ = {isa = PBXFileReference; fileEncoding = 4; lastKnownFileType = sourcecode.c.objc; path = NewsListItem.m; sourceTree = "<group>"; };
		C26498461BAFDFA900C89B78 /* WQNews.pch */ = {isa = PBXFileReference; lastKnownFileType = sourcecode.c.h; path = WQNews.pch; sourceTree = "<group>"; };
		C297F0BA1BB2DB18004E2780 /* CmsCell.h */ = {isa = PBXFileReference; fileEncoding = 4; lastKnownFileType = sourcecode.c.h; path = CmsCell.h; sourceTree = "<group>"; };
		C297F0BB1BB2DB18004E2780 /* CmsCell.m */ = {isa = PBXFileReference; fileEncoding = 4; lastKnownFileType = sourcecode.c.objc; path = CmsCell.m; sourceTree = "<group>"; };
		C297F0BC1BB2DB18004E2780 /* CmsCell.xib */ = {isa = PBXFileReference; fileEncoding = 4; lastKnownFileType = file.xib; path = CmsCell.xib; sourceTree = "<group>"; };
		C297F0BF1BB2E871004E2780 /* HdpicCell.h */ = {isa = PBXFileReference; fileEncoding = 4; lastKnownFileType = sourcecode.c.h; path = HdpicCell.h; sourceTree = "<group>"; };
		C297F0C01BB2E871004E2780 /* HdpicCell.m */ = {isa = PBXFileReference; fileEncoding = 4; lastKnownFileType = sourcecode.c.objc; path = HdpicCell.m; sourceTree = "<group>"; };
		C297F0C11BB2E871004E2780 /* HdpicCell.xib */ = {isa = PBXFileReference; fileEncoding = 4; lastKnownFileType = file.xib; path = HdpicCell.xib; sourceTree = "<group>"; };
		C29B91F51BAD98A2000364A5 /* WQNews.app */ = {isa = PBXFileReference; explicitFileType = wrapper.application; includeInIndex = 0; path = WQNews.app; sourceTree = BUILT_PRODUCTS_DIR; };
		C29B91F91BAD98A2000364A5 /* Info.plist */ = {isa = PBXFileReference; lastKnownFileType = text.plist.xml; path = Info.plist; sourceTree = "<group>"; };
		C29B91FA1BAD98A2000364A5 /* main.m */ = {isa = PBXFileReference; lastKnownFileType = sourcecode.c.objc; path = main.m; sourceTree = "<group>"; };
		C29B91FC1BAD98A2000364A5 /* AppDelegate.h */ = {isa = PBXFileReference; lastKnownFileType = sourcecode.c.h; name = AppDelegate.h; path = ../../AppDelegate.h; sourceTree = "<group>"; };
		C29B91FD1BAD98A2000364A5 /* AppDelegate.m */ = {isa = PBXFileReference; lastKnownFileType = sourcecode.c.objc; name = AppDelegate.m; path = ../../AppDelegate.m; sourceTree = "<group>"; };
		C29B92001BAD98A2000364A5 /* WQNews.xcdatamodel */ = {isa = PBXFileReference; lastKnownFileType = wrapper.xcdatamodel; path = WQNews.xcdatamodel; sourceTree = "<group>"; };
		C29B92021BAD98A2000364A5 /* Images.xcassets */ = {isa = PBXFileReference; lastKnownFileType = folder.assetcatalog; path = Images.xcassets; sourceTree = "<group>"; };
		C29B92051BAD98A2000364A5 /* Base */ = {isa = PBXFileReference; lastKnownFileType = file.xib; name = Base; path = Base.lproj/LaunchScreen.xib; sourceTree = "<group>"; };
		C29B920B1BAD98A2000364A5 /* WQNewsTests.xctest */ = {isa = PBXFileReference; explicitFileType = wrapper.cfbundle; includeInIndex = 0; path = WQNewsTests.xctest; sourceTree = BUILT_PRODUCTS_DIR; };
		C29B92101BAD98A2000364A5 /* Info.plist */ = {isa = PBXFileReference; lastKnownFileType = text.plist.xml; path = Info.plist; sourceTree = "<group>"; };
		C29B92111BAD98A2000364A5 /* WQNewsTests.m */ = {isa = PBXFileReference; lastKnownFileType = sourcecode.c.objc; path = WQNewsTests.m; sourceTree = "<group>"; };
		C29B92291BAD9BA0000364A5 /* NewsListController.h */ = {isa = PBXFileReference; fileEncoding = 4; lastKnownFileType = sourcecode.c.h; path = NewsListController.h; sourceTree = "<group>"; };
		C29B922A1BAD9BA0000364A5 /* NewsListController.m */ = {isa = PBXFileReference; fileEncoding = 4; lastKnownFileType = sourcecode.c.objc; path = NewsListController.m; sourceTree = "<group>"; };
		C29B922C1BAD9CC8000364A5 /* PictureController.h */ = {isa = PBXFileReference; fileEncoding = 4; lastKnownFileType = sourcecode.c.h; path = PictureController.h; sourceTree = "<group>"; };
		C29B922D1BAD9CC8000364A5 /* PictureController.m */ = {isa = PBXFileReference; fileEncoding = 4; lastKnownFileType = sourcecode.c.objc; path = PictureController.m; sourceTree = "<group>"; };
		C29B922F1BAD9CD9000364A5 /* VideoController.h */ = {isa = PBXFileReference; fileEncoding = 4; lastKnownFileType = sourcecode.c.h; path = VideoController.h; sourceTree = "<group>"; };
		C29B92301BAD9CD9000364A5 /* VideoController.m */ = {isa = PBXFileReference; fileEncoding = 4; lastKnownFileType = sourcecode.c.objc; path = VideoController.m; sourceTree = "<group>"; };
		C29B92321BAD9CE7000364A5 /* MyController.h */ = {isa = PBXFileReference; fileEncoding = 4; lastKnownFileType = sourcecode.c.h; path = MyController.h; sourceTree = "<group>"; };
		C29B92331BAD9CE7000364A5 /* MyController.m */ = {isa = PBXFileReference; fileEncoding = 4; lastKnownFileType = sourcecode.c.objc; path = MyController.m; sourceTree = "<group>"; };
		C2DEC1571BB1434B008C7155 /* IanScrollImageView.h */ = {isa = PBXFileReference; fileEncoding = 4; lastKnownFileType = sourcecode.c.h; path = IanScrollImageView.h; sourceTree = "<group>"; };
		C2DEC1581BB1434B008C7155 /* IanScrollImageView.m */ = {isa = PBXFileReference; fileEncoding = 4; lastKnownFileType = sourcecode.c.objc; path = IanScrollImageView.m; sourceTree = "<group>"; };
		C2DEC1591BB1434B008C7155 /* IanScrollView.h */ = {isa = PBXFileReference; fileEncoding = 4; lastKnownFileType = sourcecode.c.h; path = IanScrollView.h; sourceTree = "<group>"; };
		C2DEC15A1BB1434B008C7155 /* IanScrollView.m */ = {isa = PBXFileReference; fileEncoding = 4; lastKnownFileType = sourcecode.c.objc; path = IanScrollView.m; sourceTree = "<group>"; };
		C2DEC15B1BB1434B008C7155 /* IanScrollViewDefault@2x.png */ = {isa = PBXFileReference; lastKnownFileType = image.png; path = "IanScrollViewDefault@2x.png"; sourceTree = "<group>"; };
		C2DEC15F1BB15266008C7155 /* TouTiaoNews.h */ = {isa = PBXFileReference; fileEncoding = 4; lastKnownFileType = sourcecode.c.h; path = TouTiaoNews.h; sourceTree = "<group>"; };
		C2DEC1601BB15266008C7155 /* TouTiaoNews.m */ = {isa = PBXFileReference; fileEncoding = 4; lastKnownFileType = sourcecode.c.objc; path = TouTiaoNews.m; sourceTree = "<group>"; };
		C2F91B981BB24BF90053C73D /* LBViewController.h */ = {isa = PBXFileReference; fileEncoding = 4; lastKnownFileType = sourcecode.c.h; path = LBViewController.h; sourceTree = "<group>"; };
		C2F91B991BB24BF90053C73D /* LBViewController.m */ = {isa = PBXFileReference; fileEncoding = 4; lastKnownFileType = sourcecode.c.objc; path = LBViewController.m; sourceTree = "<group>"; };
		C2F91B9C1BB25B550053C73D /* back.png */ = {isa = PBXFileReference; lastKnownFileType = image.png; path = back.png; sourceTree = "<group>"; };
		C2F91B9D1BB25B550053C73D /* mind.png */ = {isa = PBXFileReference; lastKnownFileType = image.png; path = mind.png; sourceTree = "<group>"; };
		C2F91B9E1BB25B550053C73D /* star.png */ = {isa = PBXFileReference; lastKnownFileType = image.png; path = star.png; sourceTree = "<group>"; };
		C2F91BA31BB284DD0053C73D /* news.png */ = {isa = PBXFileReference; lastKnownFileType = image.png; name = news.png; path = ../news.png; sourceTree = "<group>"; };
		C2F91BA41BB284DD0053C73D /* picture.png */ = {isa = PBXFileReference; lastKnownFileType = image.png; name = picture.png; path = ../picture.png; sourceTree = "<group>"; };
		C2F91BA51BB284DD0053C73D /* video.png */ = {isa = PBXFileReference; lastKnownFileType = image.png; name = video.png; path = ../video.png; sourceTree = "<group>"; };
		C2F91BAA1BB2862B0053C73D /* my.png */ = {isa = PBXFileReference; lastKnownFileType = image.png; name = my.png; path = ../my.png; sourceTree = "<group>"; };
		C2F91BAC1BB298C60053C73D /* SubjectCell.h */ = {isa = PBXFileReference; fileEncoding = 4; lastKnownFileType = sourcecode.c.h; path = SubjectCell.h; sourceTree = "<group>"; };
		C2F91BAD1BB298C60053C73D /* SubjectCell.m */ = {isa = PBXFileReference; fileEncoding = 4; lastKnownFileType = sourcecode.c.objc; path = SubjectCell.m; sourceTree = "<group>"; };
		C2F91BAE1BB298C60053C73D /* SubjectCell.xib */ = {isa = PBXFileReference; fileEncoding = 4; lastKnownFileType = file.xib; path = SubjectCell.xib; sourceTree = "<group>"; };
		C2F91BB11BB2D3190053C73D /* VIdeoCell.h */ = {isa = PBXFileReference; fileEncoding = 4; lastKnownFileType = sourcecode.c.h; path = VIdeoCell.h; sourceTree = "<group>"; };
		C2F91BB21BB2D3190053C73D /* VIdeoCell.m */ = {isa = PBXFileReference; fileEncoding = 4; lastKnownFileType = sourcecode.c.objc; path = VIdeoCell.m; sourceTree = "<group>"; };
		C2F91BB31BB2D3190053C73D /* VIdeoCell.xib */ = {isa = PBXFileReference; fileEncoding = 4; lastKnownFileType = file.xib; path = VIdeoCell.xib; sourceTree = "<group>"; };
/* End PBXFileReference section */

/* Begin PBXFrameworksBuildPhase section */
		C29B91F21BAD98A2000364A5 /* Frameworks */ = {
			isa = PBXFrameworksBuildPhase;
			buildActionMask = 2147483647;
			files = (
				4643B002980E3B53216E3B25 /* libPods.a in Frameworks */,
			);
			runOnlyForDeploymentPostprocessing = 0;
		};
		C29B92081BAD98A2000364A5 /* Frameworks */ = {
			isa = PBXFrameworksBuildPhase;
			buildActionMask = 2147483647;
			files = (
			);
			runOnlyForDeploymentPostprocessing = 0;
		};
/* End PBXFrameworksBuildPhase section */

/* Begin PBXGroup section */
		2126005CEA6B468A972FE6D4 /* Pods */ = {
			isa = PBXGroup;
			children = (
				B1C8A8C148D31A732369856B /* Pods.debug.xcconfig */,
				3744D4FA82860515712FA278 /* Pods.release.xcconfig */,
			);
			name = Pods;
			sourceTree = "<group>";
		};
		2393104B58CCF2E47412DF2D /* Frameworks */ = {
			isa = PBXGroup;
			children = (
				9CDEB74FBAB3F49CBF7C894D /* libPods.a */,
			);
			name = Frameworks;
			sourceTree = "<group>";
		};
		C29B91EC1BAD98A2000364A5 = {
			isa = PBXGroup;
			children = (
				C29B91F71BAD98A2000364A5 /* WQNews */,
				C29B920E1BAD98A2000364A5 /* WQNewsTests */,
				C29B91F61BAD98A2000364A5 /* Products */,
				2126005CEA6B468A972FE6D4 /* Pods */,
				2393104B58CCF2E47412DF2D /* Frameworks */,
			);
			sourceTree = "<group>";
		};
		C29B91F61BAD98A2000364A5 /* Products */ = {
			isa = PBXGroup;
			children = (
				C29B91F51BAD98A2000364A5 /* WQNews.app */,
				C29B920B1BAD98A2000364A5 /* WQNewsTests.xctest */,
			);
			name = Products;
			sourceTree = "<group>";
		};
		C29B91F71BAD98A2000364A5 /* WQNews */ = {
			isa = PBXGroup;
			children = (
				C29B921B1BAD9AB9000364A5 /* CLasses */,
				C29B92021BAD98A2000364A5 /* Images.xcassets */,
				C29B92041BAD98A2000364A5 /* LaunchScreen.xib */,
				C29B91FF1BAD98A2000364A5 /* WQNews.xcdatamodeld */,
				C29B91F81BAD98A2000364A5 /* Supporting Files */,
			);
			path = WQNews;
			sourceTree = "<group>";
		};
		C29B91F81BAD98A2000364A5 /* Supporting Files */ = {
			isa = PBXGroup;
			children = (
				C29B91F91BAD98A2000364A5 /* Info.plist */,
				C29B91FA1BAD98A2000364A5 /* main.m */,
				C26498461BAFDFA900C89B78 /* WQNews.pch */,
			);
			name = "Supporting Files";
			sourceTree = "<group>";
		};
		C29B920E1BAD98A2000364A5 /* WQNewsTests */ = {
			isa = PBXGroup;
			children = (
				C29B92111BAD98A2000364A5 /* WQNewsTests.m */,
				C29B920F1BAD98A2000364A5 /* Supporting Files */,
			);
			path = WQNewsTests;
			sourceTree = "<group>";
		};
		C29B920F1BAD98A2000364A5 /* Supporting Files */ = {
			isa = PBXGroup;
			children = (
				C29B92101BAD98A2000364A5 /* Info.plist */,
			);
			name = "Supporting Files";
			sourceTree = "<group>";
		};
		C29B921B1BAD9AB9000364A5 /* CLasses */ = {
			isa = PBXGroup;
			children = (
				C29B921C1BAD9AB9000364A5 /* Appdelegate */,
				C29B921D1BAD9AB9000364A5 /* General */,
				C29B92221BAD9AB9000364A5 /* Helpers */,
				C29B92231BAD9AB9000364A5 /* Macro */,
				C29B92241BAD9AB9000364A5 /* Resources */,
				C29B92251BAD9AB9000364A5 /* Sences */,
				C29B92281BAD9AB9000364A5 /* Vendors */,
			);
			path = CLasses;
			sourceTree = "<group>";
		};
		C29B921C1BAD9AB9000364A5 /* Appdelegate */ = {
			isa = PBXGroup;
			children = (
				C29B91FC1BAD98A2000364A5 /* AppDelegate.h */,
				C29B91FD1BAD98A2000364A5 /* AppDelegate.m */,
			);
			path = Appdelegate;
			sourceTree = "<group>";
		};
		C29B921D1BAD9AB9000364A5 /* General */ = {
			isa = PBXGroup;
			children = (
				C29B921E1BAD9AB9000364A5 /* Categories */,
				C29B921F1BAD9AB9000364A5 /* ViewControllers */,
				C29B92201BAD9AB9000364A5 /* Views */,
			);
			path = General;
			sourceTree = "<group>";
		};
		C29B921E1BAD9AB9000364A5 /* Categories */ = {
			isa = PBXGroup;
			children = (
			);
			path = Categories;
			sourceTree = "<group>";
		};
		C29B921F1BAD9AB9000364A5 /* ViewControllers */ = {
			isa = PBXGroup;
			children = (
				C20B2E591BB39AEF00DC6C38 /* WebViewController.h */,
				C20B2E5A1BB39AEF00DC6C38 /* WebViewController.m */,
			);
			path = ViewControllers;
			sourceTree = "<group>";
		};
		C29B92201BAD9AB9000364A5 /* Views */ = {
			isa = PBXGroup;
			children = (
				C29B92211BAD9AB9000364A5 /* Cells */,
			);
			path = Views;
			sourceTree = "<group>";
		};
		C29B92211BAD9AB9000364A5 /* Cells */ = {
			isa = PBXGroup;
			children = (
				C2F91BAC1BB298C60053C73D /* SubjectCell.h */,
				C2F91BAD1BB298C60053C73D /* SubjectCell.m */,
				C2F91BAE1BB298C60053C73D /* SubjectCell.xib */,
				C2F91BB11BB2D3190053C73D /* VIdeoCell.h */,
				C2F91BB21BB2D3190053C73D /* VIdeoCell.m */,
				C2F91BB31BB2D3190053C73D /* VIdeoCell.xib */,
				C297F0BA1BB2DB18004E2780 /* CmsCell.h */,
				C297F0BB1BB2DB18004E2780 /* CmsCell.m */,
				C297F0BC1BB2DB18004E2780 /* CmsCell.xib */,
				C297F0BF1BB2E871004E2780 /* HdpicCell.h */,
				C297F0C01BB2E871004E2780 /* HdpicCell.m */,
				C297F0C11BB2E871004E2780 /* HdpicCell.xib */,
			);
			path = Cells;
			sourceTree = "<group>";
		};
		C29B92221BAD9AB9000364A5 /* Helpers */ = {
			isa = PBXGroup;
			children = (
				C26498401BAF8A0500C89B78 /* NewsListHelper.h */,
				C26498411BAF8A0500C89B78 /* NewsListHelper.m */,
			);
			path = Helpers;
			sourceTree = "<group>";
		};
		C29B92231BAD9AB9000364A5 /* Macro */ = {
			isa = PBXGroup;
			children = (
				C26498431BAF8A2900C89B78 /* NewsListItem.h */,
				C26498441BAF8A2900C89B78 /* NewsListItem.m */,
				C2DEC15F1BB15266008C7155 /* TouTiaoNews.h */,
				C2DEC1601BB15266008C7155 /* TouTiaoNews.m */,
			);
			path = Macro;
			sourceTree = "<group>";
		};
		C29B92241BAD9AB9000364A5 /* Resources */ = {
			isa = PBXGroup;
			children = (
				C2F91B9B1BB25B550053C73D /* MyPictures */,
				C2DEC1561BB1434B008C7155 /* IanScrollViewLib */,
			);
			path = Resources;
			sourceTree = "<group>";
		};
		C29B92251BAD9AB9000364A5 /* Sences */ = {
			isa = PBXGroup;
			children = (
				C29B92261BAD9AB9000364A5 /* View */,
				C29B92271BAD9AB9000364A5 /* ViewController */,
			);
			path = Sences;
			sourceTree = "<group>";
		};
		C29B92261BAD9AB9000364A5 /* View */ = {
			isa = PBXGroup;
			children = (
				C2F91B981BB24BF90053C73D /* LBViewController.h */,
				C2F91B991BB24BF90053C73D /* LBViewController.m */,
			);
			path = View;
			sourceTree = "<group>";
		};
		C29B92271BAD9AB9000364A5 /* ViewController */ = {
			isa = PBXGroup;
			children = (
				C29B92291BAD9BA0000364A5 /* NewsListController.h */,
				C29B922A1BAD9BA0000364A5 /* NewsListController.m */,
				C29B922C1BAD9CC8000364A5 /* PictureController.h */,
				C29B922D1BAD9CC8000364A5 /* PictureController.m */,
				C29B922F1BAD9CD9000364A5 /* VideoController.h */,
				C29B92301BAD9CD9000364A5 /* VideoController.m */,
				C29B92321BAD9CE7000364A5 /* MyController.h */,
				C29B92331BAD9CE7000364A5 /* MyController.m */,
			);
			path = ViewController;
			sourceTree = "<group>";
		};
		C29B92281BAD9AB9000364A5 /* Vendors */ = {
			isa = PBXGroup;
			children = (
			);
			path = Vendors;
			sourceTree = "<group>";
		};
		C2DEC1561BB1434B008C7155 /* IanScrollViewLib */ = {
			isa = PBXGroup;
			children = (
				C2DEC1571BB1434B008C7155 /* IanScrollImageView.h */,
				C2DEC1581BB1434B008C7155 /* IanScrollImageView.m */,
				C2DEC1591BB1434B008C7155 /* IanScrollView.h */,
				C2DEC15A1BB1434B008C7155 /* IanScrollView.m */,
				C2DEC15B1BB1434B008C7155 /* IanScrollViewDefault@2x.png */,
			);
			path = IanScrollViewLib;
			sourceTree = "<group>";
		};
		C2F91B9B1BB25B550053C73D /* MyPictures */ = {
			isa = PBXGroup;
			children = (
				C2F91BA31BB284DD0053C73D /* news.png */,
				C2F91BA41BB284DD0053C73D /* picture.png */,
				C2F91BA51BB284DD0053C73D /* video.png */,
				C2F91BAA1BB2862B0053C73D /* my.png */,
				C2F91B9C1BB25B550053C73D /* back.png */,
				C2F91B9D1BB25B550053C73D /* mind.png */,
				C2F91B9E1BB25B550053C73D /* star.png */,
			);
			path = MyPictures;
			sourceTree = "<group>";
		};
/* End PBXGroup section */

/* Begin PBXNativeTarget section */
		C29B91F41BAD98A2000364A5 /* WQNews */ = {
			isa = PBXNativeTarget;
			buildConfigurationList = C29B92151BAD98A2000364A5 /* Build configuration list for PBXNativeTarget "WQNews" */;
			buildPhases = (
				0EC818EEB31081B6275DED1D /* Check Pods Manifest.lock */,
				C29B91F11BAD98A2000364A5 /* Sources */,
				C29B91F21BAD98A2000364A5 /* Frameworks */,
				C29B91F31BAD98A2000364A5 /* Resources */,
				40522B334EC32544BE345A93 /* Copy Pods Resources */,
			);
			buildRules = (
			);
			dependencies = (
			);
			name = WQNews;
			productName = WQNews;
			productReference = C29B91F51BAD98A2000364A5 /* WQNews.app */;
			productType = "com.apple.product-type.application";
		};
		C29B920A1BAD98A2000364A5 /* WQNewsTests */ = {
			isa = PBXNativeTarget;
			buildConfigurationList = C29B92181BAD98A2000364A5 /* Build configuration list for PBXNativeTarget "WQNewsTests" */;
			buildPhases = (
				C29B92071BAD98A2000364A5 /* Sources */,
				C29B92081BAD98A2000364A5 /* Frameworks */,
				C29B92091BAD98A2000364A5 /* Resources */,
			);
			buildRules = (
			);
			dependencies = (
				C29B920D1BAD98A2000364A5 /* PBXTargetDependency */,
			);
			name = WQNewsTests;
			productName = WQNewsTests;
			productReference = C29B920B1BAD98A2000364A5 /* WQNewsTests.xctest */;
			productType = "com.apple.product-type.bundle.unit-test";
		};
/* End PBXNativeTarget section */

/* Begin PBXProject section */
		C29B91ED1BAD98A2000364A5 /* Project object */ = {
			isa = PBXProject;
			attributes = {
				LastUpgradeCheck = 0640;
				ORGANIZATIONNAME = "齐伟强";
				TargetAttributes = {
					C29B91F41BAD98A2000364A5 = {
						CreatedOnToolsVersion = 6.4;
					};
					C29B920A1BAD98A2000364A5 = {
						CreatedOnToolsVersion = 6.4;
						TestTargetID = C29B91F41BAD98A2000364A5;
					};
				};
			};
			buildConfigurationList = C29B91F01BAD98A2000364A5 /* Build configuration list for PBXProject "WQNews" */;
			compatibilityVersion = "Xcode 3.2";
			developmentRegion = English;
			hasScannedForEncodings = 0;
			knownRegions = (
				en,
				Base,
			);
			mainGroup = C29B91EC1BAD98A2000364A5;
			productRefGroup = C29B91F61BAD98A2000364A5 /* Products */;
			projectDirPath = "";
			projectRoot = "";
			targets = (
				C29B91F41BAD98A2000364A5 /* WQNews */,
				C29B920A1BAD98A2000364A5 /* WQNewsTests */,
			);
		};
/* End PBXProject section */

/* Begin PBXResourcesBuildPhase section */
		C29B91F31BAD98A2000364A5 /* Resources */ = {
			isa = PBXResourcesBuildPhase;
			buildActionMask = 2147483647;
			files = (
				C297F0C31BB2E871004E2780 /* HdpicCell.xib in Resources */,
				C2F91BA71BB284DD0053C73D /* news.png in Resources */,
				C29B92061BAD98A2000364A5 /* LaunchScreen.xib in Resources */,
				C29B92031BAD98A2000364A5 /* Images.xcassets in Resources */,
				C2F91BA91BB284DD0053C73D /* video.png in Resources */,
				C2F91BAB1BB2862B0053C73D /* my.png in Resources */,
				C297F0BE1BB2DB18004E2780 /* CmsCell.xib in Resources */,
				C2F91B9F1BB25B550053C73D /* back.png in Resources */,
				C2F91BB01BB298C60053C73D /* SubjectCell.xib in Resources */,
				C2F91BA11BB25B550053C73D /* star.png in Resources */,
				C2DEC15E1BB1434B008C7155 /* IanScrollViewDefault@2x.png in Resources */,
				C2F91BB51BB2D3190053C73D /* VIdeoCell.xib in Resources */,
				C2F91BA01BB25B550053C73D /* mind.png in Resources */,
				C2F91BA81BB284DD0053C73D /* picture.png in Resources */,
			);
			runOnlyForDeploymentPostprocessing = 0;
		};
		C29B92091BAD98A2000364A5 /* Resources */ = {
			isa = PBXResourcesBuildPhase;
			buildActionMask = 2147483647;
			files = (
			);
			runOnlyForDeploymentPostprocessing = 0;
		};
/* End PBXResourcesBuildPhase section */

/* Begin PBXShellScriptBuildPhase section */
		0EC818EEB31081B6275DED1D /* Check Pods Manifest.lock */ = {
			isa = PBXShellScriptBuildPhase;
			buildActionMask = 2147483647;
			files = (
			);
			inputPaths = (
			);
			name = "Check Pods Manifest.lock";
			outputPaths = (
			);
			runOnlyForDeploymentPostprocessing = 0;
			shellPath = /bin/sh;
			shellScript = "diff \"${PODS_ROOT}/../Podfile.lock\" \"${PODS_ROOT}/Manifest.lock\" > /dev/null\nif [[ $? != 0 ]] ; then\n    cat << EOM\nerror: The sandbox is not in sync with the Podfile.lock. Run 'pod install' or update your CocoaPods installation.\nEOM\n    exit 1\nfi\n";
			showEnvVarsInLog = 0;
		};
		40522B334EC32544BE345A93 /* Copy Pods Resources */ = {
			isa = PBXShellScriptBuildPhase;
			buildActionMask = 2147483647;
			files = (
			);
			inputPaths = (
			);
			name = "Copy Pods Resources";
			outputPaths = (
			);
			runOnlyForDeploymentPostprocessing = 0;
			shellPath = /bin/sh;
			shellScript = "\"${SRCROOT}/Pods/Target Support Files/Pods/Pods-resources.sh\"\n";
			showEnvVarsInLog = 0;
		};
/* End PBXShellScriptBuildPhase section */

/* Begin PBXSourcesBuildPhase section */
		C29B91F11BAD98A2000364A5 /* Sources */ = {
			isa = PBXSourcesBuildPhase;
			buildActionMask = 2147483647;
			files = (
				C2DEC15C1BB1434B008C7155 /* IanScrollImageView.m in Sources */,
				C26498451BAF8A2900C89B78 /* NewsListItem.m in Sources */,
				C2DEC1611BB15266008C7155 /* TouTiaoNews.m in Sources */,
				C29B922B1BAD9BA0000364A5 /* NewsListController.m in Sources */,
				C29B92011BAD98A2000364A5 /* WQNews.xcdatamodeld in Sources */,
				C29B922E1BAD9CC8000364A5 /* PictureController.m in Sources */,
				C29B92311BAD9CD9000364A5 /* VideoController.m in Sources */,
				C297F0BD1BB2DB18004E2780 /* CmsCell.m in Sources */,
				C26498421BAF8A0500C89B78 /* NewsListHelper.m in Sources */,
				C297F0C21BB2E871004E2780 /* HdpicCell.m in Sources */,
				C2F91BAF1BB298C60053C73D /* SubjectCell.m in Sources */,
				C29B92341BAD9CE7000364A5 /* MyController.m in Sources */,
				C29B91FE1BAD98A2000364A5 /* AppDelegate.m in Sources */,
				C20B2E5B1BB39AEF00DC6C38 /* WebViewController.m in Sources */,
				C2F91B9A1BB24BF90053C73D /* LBViewController.m in Sources */,
				C2F91BB41BB2D3190053C73D /* VIdeoCell.m in Sources */,
				C29B91FB1BAD98A2000364A5 /* main.m in Sources */,
				C2DEC15D1BB1434B008C7155 /* IanScrollView.m in Sources */,
			);
			runOnlyForDeploymentPostprocessing = 0;
		};
		C29B92071BAD98A2000364A5 /* Sources */ = {
			isa = PBXSourcesBuildPhase;
			buildActionMask = 2147483647;
			files = (
				C29B92121BAD98A2000364A5 /* WQNewsTests.m in Sources */,
			);
			runOnlyForDeploymentPostprocessing = 0;
		};
/* End PBXSourcesBuildPhase section */

/* Begin PBXTargetDependency section */
		C29B920D1BAD98A2000364A5 /* PBXTargetDependency */ = {
			isa = PBXTargetDependency;
			target = C29B91F41BAD98A2000364A5 /* WQNews */;
			targetProxy = C29B920C1BAD98A2000364A5 /* PBXContainerItemProxy */;
		};
/* End PBXTargetDependency section */

/* Begin PBXVariantGroup section */
		C29B92041BAD98A2000364A5 /* LaunchScreen.xib */ = {
			isa = PBXVariantGroup;
			children = (
				C29B92051BAD98A2000364A5 /* Base */,
			);
			name = LaunchScreen.xib;
			sourceTree = "<group>";
		};
/* End PBXVariantGroup section */

/* Begin XCBuildConfiguration section */
		C29B92131BAD98A2000364A5 /* Debug */ = {
			isa = XCBuildConfiguration;
			buildSettings = {
				ALWAYS_SEARCH_USER_PATHS = NO;
				CLANG_CXX_LANGUAGE_STANDARD = "gnu++0x";
				CLANG_CXX_LIBRARY = "libc++";
				CLANG_ENABLE_MODULES = YES;
				CLANG_ENABLE_OBJC_ARC = YES;
				CLANG_WARN_BOOL_CONVERSION = YES;
				CLANG_WARN_CONSTANT_CONVERSION = YES;
				CLANG_WARN_DIRECT_OBJC_ISA_USAGE = YES_ERROR;
				CLANG_WARN_EMPTY_BODY = YES;
				CLANG_WARN_ENUM_CONVERSION = YES;
				CLANG_WARN_INT_CONVERSION = YES;
				CLANG_WARN_OBJC_ROOT_CLASS = YES_ERROR;
				CLANG_WARN_UNREACHABLE_CODE = YES;
				CLANG_WARN__DUPLICATE_METHOD_MATCH = YES;
				"CODE_SIGN_IDENTITY[sdk=iphoneos*]" = "iPhone Developer";
				COPY_PHASE_STRIP = NO;
				DEBUG_INFORMATION_FORMAT = "dwarf-with-dsym";
				ENABLE_STRICT_OBJC_MSGSEND = YES;
				GCC_C_LANGUAGE_STANDARD = gnu99;
				GCC_DYNAMIC_NO_PIC = NO;
				GCC_NO_COMMON_BLOCKS = YES;
				GCC_OPTIMIZATION_LEVEL = 0;
				GCC_PREPROCESSOR_DEFINITIONS = (
					"DEBUG=1",
					"$(inherited)",
				);
				GCC_SYMBOLS_PRIVATE_EXTERN = NO;
				GCC_WARN_64_TO_32_BIT_CONVERSION = YES;
				GCC_WARN_ABOUT_RETURN_TYPE = YES_ERROR;
				GCC_WARN_UNDECLARED_SELECTOR = YES;
				GCC_WARN_UNINITIALIZED_AUTOS = YES_AGGRESSIVE;
				GCC_WARN_UNUSED_FUNCTION = YES;
				GCC_WARN_UNUSED_VARIABLE = YES;
				IPHONEOS_DEPLOYMENT_TARGET = 8.4;
				MTL_ENABLE_DEBUG_INFO = YES;
				ONLY_ACTIVE_ARCH = YES;
				SDKROOT = iphoneos;
			};
			name = Debug;
		};
		C29B92141BAD98A2000364A5 /* Release */ = {
			isa = XCBuildConfiguration;
			buildSettings = {
				ALWAYS_SEARCH_USER_PATHS = NO;
				CLANG_CXX_LANGUAGE_STANDARD = "gnu++0x";
				CLANG_CXX_LIBRARY = "libc++";
				CLANG_ENABLE_MODULES = YES;
				CLANG_ENABLE_OBJC_ARC = YES;
				CLANG_WARN_BOOL_CONVERSION = YES;
				CLANG_WARN_CONSTANT_CONVERSION = YES;
				CLANG_WARN_DIRECT_OBJC_ISA_USAGE = YES_ERROR;
				CLANG_WARN_EMPTY_BODY = YES;
				CLANG_WARN_ENUM_CONVERSION = YES;
				CLANG_WARN_INT_CONVERSION = YES;
				CLANG_WARN_OBJC_ROOT_CLASS = YES_ERROR;
				CLANG_WARN_UNREACHABLE_CODE = YES;
				CLANG_WARN__DUPLICATE_METHOD_MATCH = YES;
				"CODE_SIGN_IDENTITY[sdk=iphoneos*]" = "iPhone Developer";
				COPY_PHASE_STRIP = NO;
				DEBUG_INFORMATION_FORMAT = "dwarf-with-dsym";
				ENABLE_NS_ASSERTIONS = NO;
				ENABLE_STRICT_OBJC_MSGSEND = YES;
				GCC_C_LANGUAGE_STANDARD = gnu99;
				GCC_NO_COMMON_BLOCKS = YES;
				GCC_WARN_64_TO_32_BIT_CONVERSION = YES;
				GCC_WARN_ABOUT_RETURN_TYPE = YES_ERROR;
				GCC_WARN_UNDECLARED_SELECTOR = YES;
				GCC_WARN_UNINITIALIZED_AUTOS = YES_AGGRESSIVE;
				GCC_WARN_UNUSED_FUNCTION = YES;
				GCC_WARN_UNUSED_VARIABLE = YES;
				IPHONEOS_DEPLOYMENT_TARGET = 8.4;
				MTL_ENABLE_DEBUG_INFO = NO;
				SDKROOT = iphoneos;
				VALIDATE_PRODUCT = YES;
			};
			name = Release;
		};
		C29B92161BAD98A2000364A5 /* Debug */ = {
			isa = XCBuildConfiguration;
			baseConfigurationReference = B1C8A8C148D31A732369856B /* Pods.debug.xcconfig */;
			buildSettings = {
				ASSETCATALOG_COMPILER_APPICON_NAME = AppIcon;
				GCC_PREFIX_HEADER = WQNews/WQNews.pch;
				INFOPLIST_FILE = WQNews/Info.plist;
				LD_RUNPATH_SEARCH_PATHS = "$(inherited) @executable_path/Frameworks";
				PRODUCT_NAME = "$(TARGET_NAME)";
			};
			name = Debug;
		};
		C29B92171BAD98A2000364A5 /* Release */ = {
			isa = XCBuildConfiguration;
			baseConfigurationReference = 3744D4FA82860515712FA278 /* Pods.release.xcconfig */;
			buildSettings = {
				ASSETCATALOG_COMPILER_APPICON_NAME = AppIcon;
				GCC_PREFIX_HEADER = WQNews/WQNews.pch;
				INFOPLIST_FILE = WQNews/Info.plist;
				LD_RUNPATH_SEARCH_PATHS = "$(inherited) @executable_path/Frameworks";
				PRODUCT_NAME = "$(TARGET_NAME)";
			};
			name = Release;
		};
		C29B92191BAD98A2000364A5 /* Debug */ = {
			isa = XCBuildConfiguration;
			buildSettings = {
				BUNDLE_LOADER = "$(TEST_HOST)";
				FRAMEWORK_SEARCH_PATHS = (
					"$(SDKROOT)/Developer/Library/Frameworks",
					"$(inherited)",
				);
				GCC_PREPROCESSOR_DEFINITIONS = (
					"DEBUG=1",
					"$(inherited)",
				);
				INFOPLIST_FILE = WQNewsTests/Info.plist;
				LD_RUNPATH_SEARCH_PATHS = "$(inherited) @executable_path/Frameworks @loader_path/Frameworks";
				PRODUCT_NAME = "$(TARGET_NAME)";
				TEST_HOST = "$(BUILT_PRODUCTS_DIR)/WQNews.app/WQNews";
			};
			name = Debug;
		};
		C29B921A1BAD98A2000364A5 /* Release */ = {
			isa = XCBuildConfiguration;
			buildSettings = {
				BUNDLE_LOADER = "$(TEST_HOST)";
				FRAMEWORK_SEARCH_PATHS = (
					"$(SDKROOT)/Developer/Library/Frameworks",
					"$(inherited)",
				);
				INFOPLIST_FILE = WQNewsTests/Info.plist;
				LD_RUNPATH_SEARCH_PATHS = "$(inherited) @executable_path/Frameworks @loader_path/Frameworks";
				PRODUCT_NAME = "$(TARGET_NAME)";
				TEST_HOST = "$(BUILT_PRODUCTS_DIR)/WQNews.app/WQNews";
			};
			name = Release;
		};
/* End XCBuildConfiguration section */

/* Begin XCConfigurationList section */
		C29B91F01BAD98A2000364A5 /* Build configuration list for PBXProject "WQNews" */ = {
			isa = XCConfigurationList;
			buildConfigurations = (
				C29B92131BAD98A2000364A5 /* Debug */,
				C29B92141BAD98A2000364A5 /* Release */,
			);
			defaultConfigurationIsVisible = 0;
			defaultConfigurationName = Release;
		};
		C29B92151BAD98A2000364A5 /* Build configuration list for PBXNativeTarget "WQNews" */ = {
			isa = XCConfigurationList;
			buildConfigurations = (
				C29B92161BAD98A2000364A5 /* Debug */,
				C29B92171BAD98A2000364A5 /* Release */,
			);
			defaultConfigurationIsVisible = 0;
			defaultConfigurationName = Release;
		};
		C29B92181BAD98A2000364A5 /* Build configuration list for PBXNativeTarget "WQNewsTests" */ = {
			isa = XCConfigurationList;
			buildConfigurations = (
				C29B92191BAD98A2000364A5 /* Debug */,
				C29B921A1BAD98A2000364A5 /* Release */,
			);
			defaultConfigurationIsVisible = 0;
			defaultConfigurationName = Release;
		};
/* End XCConfigurationList section */

/* Begin XCVersionGroup section */
		C29B91FF1BAD98A2000364A5 /* WQNews.xcdatamodeld */ = {
			isa = XCVersionGroup;
			children = (
				C29B92001BAD98A2000364A5 /* WQNews.xcdatamodel */,
			);
			currentVersion = C29B92001BAD98A2000364A5 /* WQNews.xcdatamodel */;
			path = WQNews.xcdatamodeld;
			sourceTree = "<group>";
			versionGroupType = wrapper.xcdatamodel;
		};
/* End XCVersionGroup section */
	};
	rootObject = C29B91ED1BAD98A2000364A5 /* Project object */;
}
