// !$*UTF8*$!
{
	archiveVersion = 1;
	classes = {
	};
	objectVersion = 46;
	objects = {

/* Begin PBXBuildFile section */
		C2E69BF41BA2C53200A4E3A7 /* main.m in Sources */ = {isa = PBXBuildFile; fileRef = C2E69BF31BA2C53200A4E3A7 /* main.m */; };
		C2E69BF71BA2C53200A4E3A7 /* AppDelegate.m in Sources */ = {isa = PBXBuildFile; fileRef = C2E69BF61BA2C53200A4E3A7 /* AppDelegate.m */; };
		C2E69BFA1BA2C53200A4E3A7 /* ViewController.m in Sources */ = {isa = PBXBuildFile; fileRef = C2E69BF91BA2C53200A4E3A7 /* ViewController.m */; };
		C2E69BFD1BA2C53200A4E3A7 /* Main.storyboard in Resources */ = {isa = PBXBuildFile; fileRef = C2E69BFB1BA2C53200A4E3A7 /* Main.storyboard */; };
		C2E69BFF1BA2C53200A4E3A7 /* Images.xcassets in Resources */ = {isa = PBXBuildFile; fileRef = C2E69BFE1BA2C53200A4E3A7 /* Images.xcassets */; };
		C2E69C021BA2C53200A4E3A7 /* LaunchScreen.xib in Resources */ = {isa = PBXBuildFile; fileRef = C2E69C001BA2C53200A4E3A7 /* LaunchScreen.xib */; };
		C2E69C0E1BA2C53200A4E3A7 /* Wobo_lianTests.m in Sources */ = {isa = PBXBuildFile; fileRef = C2E69C0D1BA2C53200A4E3A7 /* Wobo_lianTests.m */; };
		C2E69C191BA2C62100A4E3A7 /* ContactListController.m in Sources */ = {isa = PBXBuildFile; fileRef = C2E69C181BA2C62100A4E3A7 /* ContactListController.m */; };
		C2E69C271BA2C6A000A4E3A7 /* libWeiboSDK.a in Frameworks */ = {isa = PBXBuildFile; fileRef = C2E69C1B1BA2C6A000A4E3A7 /* libWeiboSDK.a */; };
		C2E69C281BA2C6A000A4E3A7 /* WeiboSDK.bundle in Resources */ = {isa = PBXBuildFile; fileRef = C2E69C241BA2C6A000A4E3A7 /* WeiboSDK.bundle */; };
		C2E69C2A1BA2C7EE00A4E3A7 /* QuartzCore.framework in Frameworks */ = {isa = PBXBuildFile; fileRef = C2E69C291BA2C7EE00A4E3A7 /* QuartzCore.framework */; };
		C2E69C2C1BA2C80000A4E3A7 /* ImageIO.framework in Frameworks */ = {isa = PBXBuildFile; fileRef = C2E69C2B1BA2C80000A4E3A7 /* ImageIO.framework */; };
		C2E69C2E1BA2C80E00A4E3A7 /* SystemConfiguration.framework in Frameworks */ = {isa = PBXBuildFile; fileRef = C2E69C2D1BA2C80E00A4E3A7 /* SystemConfiguration.framework */; };
		C2E69C301BA2C81A00A4E3A7 /* Security.framework in Frameworks */ = {isa = PBXBuildFile; fileRef = C2E69C2F1BA2C81A00A4E3A7 /* Security.framework */; };
		C2E69C321BA2C82500A4E3A7 /* CoreTelephony.framework in Frameworks */ = {isa = PBXBuildFile; fileRef = C2E69C311BA2C82500A4E3A7 /* CoreTelephony.framework */; };
		C2E69C341BA2C83700A4E3A7 /* CoreText.framework in Frameworks */ = {isa = PBXBuildFile; fileRef = C2E69C331BA2C83700A4E3A7 /* CoreText.framework */; };
		C2E69C361BA2C84200A4E3A7 /* UIKit.framework in Frameworks */ = {isa = PBXBuildFile; fileRef = C2E69C351BA2C84200A4E3A7 /* UIKit.framework */; };
		C2E69C381BA2C85700A4E3A7 /* Foundation.framework in Frameworks */ = {isa = PBXBuildFile; fileRef = C2E69C371BA2C85700A4E3A7 /* Foundation.framework */; };
		C2E69C3A1BA2C86200A4E3A7 /* CoreGraphics.framework in Frameworks */ = {isa = PBXBuildFile; fileRef = C2E69C391BA2C86200A4E3A7 /* CoreGraphics.framework */; };
		C2E69C3C1BA2C86D00A4E3A7 /* libz.dylib in Frameworks */ = {isa = PBXBuildFile; fileRef = C2E69C3B1BA2C86D00A4E3A7 /* libz.dylib */; };
		C2E69C3E1BA2C87700A4E3A7 /* libsqlite3.dylib in Frameworks */ = {isa = PBXBuildFile; fileRef = C2E69C3D1BA2C87700A4E3A7 /* libsqlite3.dylib */; };
		C2E69C431BA2CEDB00A4E3A7 /* MyController.m in Sources */ = {isa = PBXBuildFile; fileRef = C2E69C421BA2CEDB00A4E3A7 /* MyController.m */; };
/* End PBXBuildFile section */

/* Begin PBXContainerItemProxy section */
		C2E69C081BA2C53200A4E3A7 /* PBXContainerItemProxy */ = {
			isa = PBXContainerItemProxy;
			containerPortal = C2E69BE61BA2C53200A4E3A7 /* Project object */;
			proxyType = 1;
			remoteGlobalIDString = C2E69BED1BA2C53200A4E3A7;
			remoteInfo = Wobo_lian;
		};
/* End PBXContainerItemProxy section */

/* Begin PBXFileReference section */
		C2E69BEE1BA2C53200A4E3A7 /* Wobo_lian.app */ = {isa = PBXFileReference; explicitFileType = wrapper.application; includeInIndex = 0; path = Wobo_lian.app; sourceTree = BUILT_PRODUCTS_DIR; };
		C2E69BF21BA2C53200A4E3A7 /* Info.plist */ = {isa = PBXFileReference; lastKnownFileType = text.plist.xml; path = Info.plist; sourceTree = "<group>"; };
		C2E69BF31BA2C53200A4E3A7 /* main.m */ = {isa = PBXFileReference; lastKnownFileType = sourcecode.c.objc; path = main.m; sourceTree = "<group>"; };
		C2E69BF51BA2C53200A4E3A7 /* AppDelegate.h */ = {isa = PBXFileReference; lastKnownFileType = sourcecode.c.h; path = AppDelegate.h; sourceTree = "<group>"; };
		C2E69BF61BA2C53200A4E3A7 /* AppDelegate.m */ = {isa = PBXFileReference; lastKnownFileType = sourcecode.c.objc; path = AppDelegate.m; sourceTree = "<group>"; };
		C2E69BF81BA2C53200A4E3A7 /* ViewController.h */ = {isa = PBXFileReference; lastKnownFileType = sourcecode.c.h; path = ViewController.h; sourceTree = "<group>"; };
		C2E69BF91BA2C53200A4E3A7 /* ViewController.m */ = {isa = PBXFileReference; lastKnownFileType = sourcecode.c.objc; path = ViewController.m; sourceTree = "<group>"; };
		C2E69BFC1BA2C53200A4E3A7 /* Base */ = {isa = PBXFileReference; lastKnownFileType = file.storyboard; name = Base; path = Base.lproj/Main.storyboard; sourceTree = "<group>"; };
		C2E69BFE1BA2C53200A4E3A7 /* Images.xcassets */ = {isa = PBXFileReference; lastKnownFileType = folder.assetcatalog; path = Images.xcassets; sourceTree = "<group>"; };
		C2E69C011BA2C53200A4E3A7 /* Base */ = {isa = PBXFileReference; lastKnownFileType = file.xib; name = Base; path = Base.lproj/LaunchScreen.xib; sourceTree = "<group>"; };
		C2E69C071BA2C53200A4E3A7 /* Wobo_lianTests.xctest */ = {isa = PBXFileReference; explicitFileType = wrapper.cfbundle; includeInIndex = 0; path = Wobo_lianTests.xctest; sourceTree = BUILT_PRODUCTS_DIR; };
		C2E69C0C1BA2C53200A4E3A7 /* Info.plist */ = {isa = PBXFileReference; lastKnownFileType = text.plist.xml; path = Info.plist; sourceTree = "<group>"; };
		C2E69C0D1BA2C53200A4E3A7 /* Wobo_lianTests.m */ = {isa = PBXFileReference; lastKnownFileType = sourcecode.c.objc; path = Wobo_lianTests.m; sourceTree = "<group>"; };
		C2E69C171BA2C62100A4E3A7 /* ContactListController.h */ = {isa = PBXFileReference; fileEncoding = 4; lastKnownFileType = sourcecode.c.h; path = ContactListController.h; sourceTree = "<group>"; };
		C2E69C181BA2C62100A4E3A7 /* ContactListController.m */ = {isa = PBXFileReference; fileEncoding = 4; lastKnownFileType = sourcecode.c.objc; path = ContactListController.m; sourceTree = "<group>"; };
		C2E69C1B1BA2C6A000A4E3A7 /* libWeiboSDK.a */ = {isa = PBXFileReference; lastKnownFileType = archive.ar; path = libWeiboSDK.a; sourceTree = "<group>"; };
		C2E69C1C1BA2C6A000A4E3A7 /* WBHttpRequest+WeiboGame.h */ = {isa = PBXFileReference; fileEncoding = 4; lastKnownFileType = sourcecode.c.h; path = "WBHttpRequest+WeiboGame.h"; sourceTree = "<group>"; };
		C2E69C1D1BA2C6A000A4E3A7 /* WBHttpRequest+WeiboShare.h */ = {isa = PBXFileReference; fileEncoding = 4; lastKnownFileType = sourcecode.c.h; path = "WBHttpRequest+WeiboShare.h"; sourceTree = "<group>"; };
		C2E69C1E1BA2C6A000A4E3A7 /* WBHttpRequest+WeiboToken.h */ = {isa = PBXFileReference; fileEncoding = 4; lastKnownFileType = sourcecode.c.h; path = "WBHttpRequest+WeiboToken.h"; sourceTree = "<group>"; };
		C2E69C1F1BA2C6A000A4E3A7 /* WBHttpRequest+WeiboUser.h */ = {isa = PBXFileReference; fileEncoding = 4; lastKnownFileType = sourcecode.c.h; path = "WBHttpRequest+WeiboUser.h"; sourceTree = "<group>"; };
		C2E69C201BA2C6A000A4E3A7 /* WBHttpRequest.h */ = {isa = PBXFileReference; fileEncoding = 4; lastKnownFileType = sourcecode.c.h; path = WBHttpRequest.h; sourceTree = "<group>"; };
		C2E69C211BA2C6A000A4E3A7 /* WBSDKBasicButton.h */ = {isa = PBXFileReference; fileEncoding = 4; lastKnownFileType = sourcecode.c.h; path = WBSDKBasicButton.h; sourceTree = "<group>"; };
		C2E69C221BA2C6A000A4E3A7 /* WBSDKCommentButton.h */ = {isa = PBXFileReference; fileEncoding = 4; lastKnownFileType = sourcecode.c.h; path = WBSDKCommentButton.h; sourceTree = "<group>"; };
		C2E69C231BA2C6A000A4E3A7 /* WBSDKRelationshipButton.h */ = {isa = PBXFileReference; fileEncoding = 4; lastKnownFileType = sourcecode.c.h; path = WBSDKRelationshipButton.h; sourceTree = "<group>"; };
		C2E69C241BA2C6A000A4E3A7 /* WeiboSDK.bundle */ = {isa = PBXFileReference; lastKnownFileType = "wrapper.plug-in"; path = WeiboSDK.bundle; sourceTree = "<group>"; };
		C2E69C251BA2C6A000A4E3A7 /* WeiboSDK.h */ = {isa = PBXFileReference; fileEncoding = 4; lastKnownFileType = sourcecode.c.h; path = WeiboSDK.h; sourceTree = "<group>"; };
		C2E69C261BA2C6A000A4E3A7 /* WeiboUser.h */ = {isa = PBXFileReference; fileEncoding = 4; lastKnownFileType = sourcecode.c.h; path = WeiboUser.h; sourceTree = "<group>"; };
		C2E69C291BA2C7EE00A4E3A7 /* QuartzCore.framework */ = {isa = PBXFileReference; lastKnownFileType = wrapper.framework; name = QuartzCore.framework; path = System/Library/Frameworks/QuartzCore.framework; sourceTree = SDKROOT; };
		C2E69C2B1BA2C80000A4E3A7 /* ImageIO.framework */ = {isa = PBXFileReference; lastKnownFileType = wrapper.framework; name = ImageIO.framework; path = System/Library/Frameworks/ImageIO.framework; sourceTree = SDKROOT; };
		C2E69C2D1BA2C80E00A4E3A7 /* SystemConfiguration.framework */ = {isa = PBXFileReference; lastKnownFileType = wrapper.framework; name = SystemConfiguration.framework; path = System/Library/Frameworks/SystemConfiguration.framework; sourceTree = SDKROOT; };
		C2E69C2F1BA2C81A00A4E3A7 /* Security.framework */ = {isa = PBXFileReference; lastKnownFileType = wrapper.framework; name = Security.framework; path = System/Library/Frameworks/Security.framework; sourceTree = SDKROOT; };
		C2E69C311BA2C82500A4E3A7 /* CoreTelephony.framework */ = {isa = PBXFileReference; lastKnownFileType = wrapper.framework; name = CoreTelephony.framework; path = System/Library/Frameworks/CoreTelephony.framework; sourceTree = SDKROOT; };
		C2E69C331BA2C83700A4E3A7 /* CoreText.framework */ = {isa = PBXFileReference; lastKnownFileType = wrapper.framework; name = CoreText.framework; path = System/Library/Frameworks/CoreText.framework; sourceTree = SDKROOT; };
		C2E69C351BA2C84200A4E3A7 /* UIKit.framework */ = {isa = PBXFileReference; lastKnownFileType = wrapper.framework; name = UIKit.framework; path = System/Library/Frameworks/UIKit.framework; sourceTree = SDKROOT; };
		C2E69C371BA2C85700A4E3A7 /* Foundation.framework */ = {isa = PBXFileReference; lastKnownFileType = wrapper.framework; name = Foundation.framework; path = System/Library/Frameworks/Foundation.framework; sourceTree = SDKROOT; };
		C2E69C391BA2C86200A4E3A7 /* CoreGraphics.framework */ = {isa = PBXFileReference; lastKnownFileType = wrapper.framework; name = CoreGraphics.framework; path = System/Library/Frameworks/CoreGraphics.framework; sourceTree = SDKROOT; };
		C2E69C3B1BA2C86D00A4E3A7 /* libz.dylib */ = {isa = PBXFileReference; lastKnownFileType = "compiled.mach-o.dylib"; name = libz.dylib; path = usr/lib/libz.dylib; sourceTree = SDKROOT; };
		C2E69C3D1BA2C87700A4E3A7 /* libsqlite3.dylib */ = {isa = PBXFileReference; lastKnownFileType = "compiled.mach-o.dylib"; name = libsqlite3.dylib; path = usr/lib/libsqlite3.dylib; sourceTree = SDKROOT; };
		C2E69C401BA2CC5A00A4E3A7 /* MyHeader.pch */ = {isa = PBXFileReference; lastKnownFileType = sourcecode.c.h; name = MyHeader.pch; path = ../supporting/MyHeader.pch; sourceTree = "<group>"; };
		C2E69C411BA2CEDB00A4E3A7 /* MyController.h */ = {isa = PBXFileReference; fileEncoding = 4; lastKnownFileType = sourcecode.c.h; path = MyController.h; sourceTree = "<group>"; };
		C2E69C421BA2CEDB00A4E3A7 /* MyController.m */ = {isa = PBXFileReference; fileEncoding = 4; lastKnownFileType = sourcecode.c.objc; path = MyController.m; sourceTree = "<group>"; };
/* End PBXFileReference section */

/* Begin PBXFrameworksBuildPhase section */
		C2E69BEB1BA2C53200A4E3A7 /* Frameworks */ = {
			isa = PBXFrameworksBuildPhase;
			buildActionMask = 2147483647;
			files = (
				C2E69C3E1BA2C87700A4E3A7 /* libsqlite3.dylib in Frameworks */,
				C2E69C3C1BA2C86D00A4E3A7 /* libz.dylib in Frameworks */,
				C2E69C3A1BA2C86200A4E3A7 /* CoreGraphics.framework in Frameworks */,
				C2E69C381BA2C85700A4E3A7 /* Foundation.framework in Frameworks */,
				C2E69C361BA2C84200A4E3A7 /* UIKit.framework in Frameworks */,
				C2E69C341BA2C83700A4E3A7 /* CoreText.framework in Frameworks */,
				C2E69C321BA2C82500A4E3A7 /* CoreTelephony.framework in Frameworks */,
				C2E69C301BA2C81A00A4E3A7 /* Security.framework in Frameworks */,
				C2E69C2E1BA2C80E00A4E3A7 /* SystemConfiguration.framework in Frameworks */,
				C2E69C2C1BA2C80000A4E3A7 /* ImageIO.framework in Frameworks */,
				C2E69C2A1BA2C7EE00A4E3A7 /* QuartzCore.framework in Frameworks */,
				C2E69C271BA2C6A000A4E3A7 /* libWeiboSDK.a in Frameworks */,
			);
			runOnlyForDeploymentPostprocessing = 0;
		};
		C2E69C041BA2C53200A4E3A7 /* Frameworks */ = {
			isa = PBXFrameworksBuildPhase;
			buildActionMask = 2147483647;
			files = (
			);
			runOnlyForDeploymentPostprocessing = 0;
		};
/* End PBXFrameworksBuildPhase section */

/* Begin PBXGroup section */
		C2E69BE51BA2C53200A4E3A7 = {
			isa = PBXGroup;
			children = (
				C2E69C3D1BA2C87700A4E3A7 /* libsqlite3.dylib */,
				C2E69C3B1BA2C86D00A4E3A7 /* libz.dylib */,
				C2E69C391BA2C86200A4E3A7 /* CoreGraphics.framework */,
				C2E69C371BA2C85700A4E3A7 /* Foundation.framework */,
				C2E69C351BA2C84200A4E3A7 /* UIKit.framework */,
				C2E69C331BA2C83700A4E3A7 /* CoreText.framework */,
				C2E69C311BA2C82500A4E3A7 /* CoreTelephony.framework */,
				C2E69C2F1BA2C81A00A4E3A7 /* Security.framework */,
				C2E69C2D1BA2C80E00A4E3A7 /* SystemConfiguration.framework */,
				C2E69C2B1BA2C80000A4E3A7 /* ImageIO.framework */,
				C2E69C291BA2C7EE00A4E3A7 /* QuartzCore.framework */,
				C2E69C1A1BA2C6A000A4E3A7 /* libWeiboSDK */,
				C2E69BF01BA2C53200A4E3A7 /* Wobo_lian */,
				C2E69C3F1BA2CC4000A4E3A7 /* supporting */,
				C2E69C0A1BA2C53200A4E3A7 /* Wobo_lianTests */,
				C2E69BEF1BA2C53200A4E3A7 /* Products */,
			);
			sourceTree = "<group>";
		};
		C2E69BEF1BA2C53200A4E3A7 /* Products */ = {
			isa = PBXGroup;
			children = (
				C2E69BEE1BA2C53200A4E3A7 /* Wobo_lian.app */,
				C2E69C071BA2C53200A4E3A7 /* Wobo_lianTests.xctest */,
			);
			name = Products;
			sourceTree = "<group>";
		};
		C2E69BF01BA2C53200A4E3A7 /* Wobo_lian */ = {
			isa = PBXGroup;
			children = (
				C2E69BF51BA2C53200A4E3A7 /* AppDelegate.h */,
				C2E69BF61BA2C53200A4E3A7 /* AppDelegate.m */,
				C2E69BF81BA2C53200A4E3A7 /* ViewController.h */,
				C2E69BF91BA2C53200A4E3A7 /* ViewController.m */,
				C2E69C411BA2CEDB00A4E3A7 /* MyController.h */,
				C2E69C421BA2CEDB00A4E3A7 /* MyController.m */,
				C2E69C171BA2C62100A4E3A7 /* ContactListController.h */,
				C2E69C181BA2C62100A4E3A7 /* ContactListController.m */,
				C2E69BFB1BA2C53200A4E3A7 /* Main.storyboard */,
				C2E69BFE1BA2C53200A4E3A7 /* Images.xcassets */,
				C2E69C001BA2C53200A4E3A7 /* LaunchScreen.xib */,
				C2E69BF11BA2C53200A4E3A7 /* Supporting Files */,
			);
			path = Wobo_lian;
			sourceTree = "<group>";
		};
		C2E69BF11BA2C53200A4E3A7 /* Supporting Files */ = {
			isa = PBXGroup;
			children = (
				C2E69C401BA2CC5A00A4E3A7 /* MyHeader.pch */,
				C2E69BF21BA2C53200A4E3A7 /* Info.plist */,
				C2E69BF31BA2C53200A4E3A7 /* main.m */,
			);
			name = "Supporting Files";
			sourceTree = "<group>";
		};
		C2E69C0A1BA2C53200A4E3A7 /* Wobo_lianTests */ = {
			isa = PBXGroup;
			children = (
				C2E69C0D1BA2C53200A4E3A7 /* Wobo_lianTests.m */,
				C2E69C0B1BA2C53200A4E3A7 /* Supporting Files */,
			);
			path = Wobo_lianTests;
			sourceTree = "<group>";
		};
		C2E69C0B1BA2C53200A4E3A7 /* Supporting Files */ = {
			isa = PBXGroup;
			children = (
				C2E69C0C1BA2C53200A4E3A7 /* Info.plist */,
			);
			name = "Supporting Files";
			sourceTree = "<group>";
		};
		C2E69C1A1BA2C6A000A4E3A7 /* libWeiboSDK */ = {
			isa = PBXGroup;
			children = (
				C2E69C1B1BA2C6A000A4E3A7 /* libWeiboSDK.a */,
				C2E69C1C1BA2C6A000A4E3A7 /* WBHttpRequest+WeiboGame.h */,
				C2E69C1D1BA2C6A000A4E3A7 /* WBHttpRequest+WeiboShare.h */,
				C2E69C1E1BA2C6A000A4E3A7 /* WBHttpRequest+WeiboToken.h */,
				C2E69C1F1BA2C6A000A4E3A7 /* WBHttpRequest+WeiboUser.h */,
				C2E69C201BA2C6A000A4E3A7 /* WBHttpRequest.h */,
				C2E69C211BA2C6A000A4E3A7 /* WBSDKBasicButton.h */,
				C2E69C221BA2C6A000A4E3A7 /* WBSDKCommentButton.h */,
				C2E69C231BA2C6A000A4E3A7 /* WBSDKRelationshipButton.h */,
				C2E69C241BA2C6A000A4E3A7 /* WeiboSDK.bundle */,
				C2E69C251BA2C6A000A4E3A7 /* WeiboSDK.h */,
				C2E69C261BA2C6A000A4E3A7 /* WeiboUser.h */,
			);
			name = libWeiboSDK;
			path = Wobo_lian/libWeiboSDK;
			sourceTree = "<group>";
		};
		C2E69C3F1BA2CC4000A4E3A7 /* supporting */ = {
			isa = PBXGroup;
			children = (
			);
			path = supporting;
			sourceTree = "<group>";
		};
/* End PBXGroup section */

/* Begin PBXNativeTarget section */
		C2E69BED1BA2C53200A4E3A7 /* Wobo_lian */ = {
			isa = PBXNativeTarget;
			buildConfigurationList = C2E69C111BA2C53200A4E3A7 /* Build configuration list for PBXNativeTarget "Wobo_lian" */;
			buildPhases = (
				C2E69BEA1BA2C53200A4E3A7 /* Sources */,
				C2E69BEB1BA2C53200A4E3A7 /* Frameworks */,
				C2E69BEC1BA2C53200A4E3A7 /* Resources */,
			);
			buildRules = (
			);
			dependencies = (
			);
			name = Wobo_lian;
			productName = Wobo_lian;
			productReference = C2E69BEE1BA2C53200A4E3A7 /* Wobo_lian.app */;
			productType = "com.apple.product-type.application";
		};
		C2E69C061BA2C53200A4E3A7 /* Wobo_lianTests */ = {
			isa = PBXNativeTarget;
			buildConfigurationList = C2E69C141BA2C53200A4E3A7 /* Build configuration list for PBXNativeTarget "Wobo_lianTests" */;
			buildPhases = (
				C2E69C031BA2C53200A4E3A7 /* Sources */,
				C2E69C041BA2C53200A4E3A7 /* Frameworks */,
				C2E69C051BA2C53200A4E3A7 /* Resources */,
			);
			buildRules = (
			);
			dependencies = (
				C2E69C091BA2C53200A4E3A7 /* PBXTargetDependency */,
			);
			name = Wobo_lianTests;
			productName = Wobo_lianTests;
			productReference = C2E69C071BA2C53200A4E3A7 /* Wobo_lianTests.xctest */;
			productType = "com.apple.product-type.bundle.unit-test";
		};
/* End PBXNativeTarget section */

/* Begin PBXProject section */
		C2E69BE61BA2C53200A4E3A7 /* Project object */ = {
			isa = PBXProject;
			attributes = {
				LastUpgradeCheck = 0640;
				ORGANIZATIONNAME = "齐伟强";
				TargetAttributes = {
					C2E69BED1BA2C53200A4E3A7 = {
						CreatedOnToolsVersion = 6.4;
					};
					C2E69C061BA2C53200A4E3A7 = {
						CreatedOnToolsVersion = 6.4;
						TestTargetID = C2E69BED1BA2C53200A4E3A7;
					};
				};
			};
			buildConfigurationList = C2E69BE91BA2C53200A4E3A7 /* Build configuration list for PBXProject "Wobo_lian" */;
			compatibilityVersion = "Xcode 3.2";
			developmentRegion = English;
			hasScannedForEncodings = 0;
			knownRegions = (
				en,
				Base,
			);
			mainGroup = C2E69BE51BA2C53200A4E3A7;
			productRefGroup = C2E69BEF1BA2C53200A4E3A7 /* Products */;
			projectDirPath = "";
			projectRoot = "";
			targets = (
				C2E69BED1BA2C53200A4E3A7 /* Wobo_lian */,
				C2E69C061BA2C53200A4E3A7 /* Wobo_lianTests */,
			);
		};
/* End PBXProject section */

/* Begin PBXResourcesBuildPhase section */
		C2E69BEC1BA2C53200A4E3A7 /* Resources */ = {
			isa = PBXResourcesBuildPhase;
			buildActionMask = 2147483647;
			files = (
				C2E69BFD1BA2C53200A4E3A7 /* Main.storyboard in Resources */,
				C2E69C021BA2C53200A4E3A7 /* LaunchScreen.xib in Resources */,
				C2E69BFF1BA2C53200A4E3A7 /* Images.xcassets in Resources */,
				C2E69C281BA2C6A000A4E3A7 /* WeiboSDK.bundle in Resources */,
			);
			runOnlyForDeploymentPostprocessing = 0;
		};
		C2E69C051BA2C53200A4E3A7 /* Resources */ = {
			isa = PBXResourcesBuildPhase;
			buildActionMask = 2147483647;
			files = (
			);
			runOnlyForDeploymentPostprocessing = 0;
		};
/* End PBXResourcesBuildPhase section */

/* Begin PBXSourcesBuildPhase section */
		C2E69BEA1BA2C53200A4E3A7 /* Sources */ = {
			isa = PBXSourcesBuildPhase;
			buildActionMask = 2147483647;
			files = (
				C2E69BFA1BA2C53200A4E3A7 /* ViewController.m in Sources */,
				C2E69BF71BA2C53200A4E3A7 /* AppDelegate.m in Sources */,
				C2E69C431BA2CEDB00A4E3A7 /* MyController.m in Sources */,
				C2E69C191BA2C62100A4E3A7 /* ContactListController.m in Sources */,
				C2E69BF41BA2C53200A4E3A7 /* main.m in Sources */,
			);
			runOnlyForDeploymentPostprocessing = 0;
		};
		C2E69C031BA2C53200A4E3A7 /* Sources */ = {
			isa = PBXSourcesBuildPhase;
			buildActionMask = 2147483647;
			files = (
				C2E69C0E1BA2C53200A4E3A7 /* Wobo_lianTests.m in Sources */,
			);
			runOnlyForDeploymentPostprocessing = 0;
		};
/* End PBXSourcesBuildPhase section */

/* Begin PBXTargetDependency section */
		C2E69C091BA2C53200A4E3A7 /* PBXTargetDependency */ = {
			isa = PBXTargetDependency;
			target = C2E69BED1BA2C53200A4E3A7 /* Wobo_lian */;
			targetProxy = C2E69C081BA2C53200A4E3A7 /* PBXContainerItemProxy */;
		};
/* End PBXTargetDependency section */

/* Begin PBXVariantGroup section */
		C2E69BFB1BA2C53200A4E3A7 /* Main.storyboard */ = {
			isa = PBXVariantGroup;
			children = (
				C2E69BFC1BA2C53200A4E3A7 /* Base */,
			);
			name = Main.storyboard;
			sourceTree = "<group>";
		};
		C2E69C001BA2C53200A4E3A7 /* LaunchScreen.xib */ = {
			isa = PBXVariantGroup;
			children = (
				C2E69C011BA2C53200A4E3A7 /* Base */,
			);
			name = LaunchScreen.xib;
			sourceTree = "<group>";
		};
/* End PBXVariantGroup section */

/* Begin XCBuildConfiguration section */
		C2E69C0F1BA2C53200A4E3A7 /* Debug */ = {
			isa = XCBuildConfiguration;
			buildSettings = {
				ALWAYS_SEARCH_USER_PATHS = NO;
				CLANG_CXX_LANGUAGE_STANDARD = "gnu++0x";
				CLANG_CXX_LIBRARY = "libc++";
				CLANG_ENABLE_MODULES = YES;
				CLANG_ENABLE_OBJC_ARC = YES;
				CLANG_WARN_BOOL_CONVERSION = YES;
				CLANG_WARN_CONSTANT_CONVERSION = YES;
				CLANG_WARN_DIRECT_OBJC_ISA_USAGE = YES_ERROR;
				CLANG_WARN_EMPTY_BODY = YES;
				CLANG_WARN_ENUM_CONVERSION = YES;
				CLANG_WARN_INT_CONVERSION = YES;
				CLANG_WARN_OBJC_ROOT_CLASS = YES_ERROR;
				CLANG_WARN_UNREACHABLE_CODE = YES;
				CLANG_WARN__DUPLICATE_METHOD_MATCH = YES;
				"CODE_SIGN_IDENTITY[sdk=iphoneos*]" = "iPhone Developer";
				COPY_PHASE_STRIP = NO;
				DEBUG_INFORMATION_FORMAT = "dwarf-with-dsym";
				ENABLE_STRICT_OBJC_MSGSEND = YES;
				GCC_C_LANGUAGE_STANDARD = gnu99;
				GCC_DYNAMIC_NO_PIC = NO;
				GCC_NO_COMMON_BLOCKS = YES;
				GCC_OPTIMIZATION_LEVEL = 0;
				GCC_PREPROCESSOR_DEFINITIONS = (
					"DEBUG=1",
					"$(inherited)",
				);
				GCC_SYMBOLS_PRIVATE_EXTERN = NO;
				GCC_WARN_64_TO_32_BIT_CONVERSION = YES;
				GCC_WARN_ABOUT_RETURN_TYPE = YES_ERROR;
				GCC_WARN_UNDECLARED_SELECTOR = YES;
				GCC_WARN_UNINITIALIZED_AUTOS = YES_AGGRESSIVE;
				GCC_WARN_UNUSED_FUNCTION = YES;
				GCC_WARN_UNUSED_VARIABLE = YES;
				IPHONEOS_DEPLOYMENT_TARGET = 8.4;
				MTL_ENABLE_DEBUG_INFO = YES;
				ONLY_ACTIVE_ARCH = YES;
				PROVISIONING_PROFILE = "e6c40cf7-b3af-49a7-9a07-25808244f9c5";
				SDKROOT = iphoneos;
			};
			name = Debug;
		};
		C2E69C101BA2C53200A4E3A7 /* Release */ = {
			isa = XCBuildConfiguration;
			buildSettings = {
				ALWAYS_SEARCH_USER_PATHS = NO;
				CLANG_CXX_LANGUAGE_STANDARD = "gnu++0x";
				CLANG_CXX_LIBRARY = "libc++";
				CLANG_ENABLE_MODULES = YES;
				CLANG_ENABLE_OBJC_ARC = YES;
				CLANG_WARN_BOOL_CONVERSION = YES;
				CLANG_WARN_CONSTANT_CONVERSION = YES;
				CLANG_WARN_DIRECT_OBJC_ISA_USAGE = YES_ERROR;
				CLANG_WARN_EMPTY_BODY = YES;
				CLANG_WARN_ENUM_CONVERSION = YES;
				CLANG_WARN_INT_CONVERSION = YES;
				CLANG_WARN_OBJC_ROOT_CLASS = YES_ERROR;
				CLANG_WARN_UNREACHABLE_CODE = YES;
				CLANG_WARN__DUPLICATE_METHOD_MATCH = YES;
				"CODE_SIGN_IDENTITY[sdk=iphoneos*]" = "iPhone Developer";
				COPY_PHASE_STRIP = NO;
				DEBUG_INFORMATION_FORMAT = "dwarf-with-dsym";
				ENABLE_NS_ASSERTIONS = NO;
				ENABLE_STRICT_OBJC_MSGSEND = YES;
				GCC_C_LANGUAGE_STANDARD = gnu99;
				GCC_NO_COMMON_BLOCKS = YES;
				GCC_WARN_64_TO_32_BIT_CONVERSION = YES;
				GCC_WARN_ABOUT_RETURN_TYPE = YES_ERROR;
				GCC_WARN_UNDECLARED_SELECTOR = YES;
				GCC_WARN_UNINITIALIZED_AUTOS = YES_AGGRESSIVE;
				GCC_WARN_UNUSED_FUNCTION = YES;
				GCC_WARN_UNUSED_VARIABLE = YES;
				IPHONEOS_DEPLOYMENT_TARGET = 8.4;
				MTL_ENABLE_DEBUG_INFO = NO;
				PROVISIONING_PROFILE = "e6c40cf7-b3af-49a7-9a07-25808244f9c5";
				SDKROOT = iphoneos;
				VALIDATE_PRODUCT = YES;
			};
			name = Release;
		};
		C2E69C121BA2C53200A4E3A7 /* Debug */ = {
			isa = XCBuildConfiguration;
			buildSettings = {
				ASSETCATALOG_COMPILER_APPICON_NAME = AppIcon;
				GCC_PREFIX_HEADER = /Users/lanou3g/Desktop/Wobo_lian/supporting/MyHeader.pch;
				INFOPLIST_FILE = Wobo_lian/Info.plist;
				LD_RUNPATH_SEARCH_PATHS = "$(inherited) @executable_path/Frameworks";
				LIBRARY_SEARCH_PATHS = (
					"$(inherited)",
					"$(PROJECT_DIR)/Wobo_lian/libWeiboSDK",
				);
				OTHER_LDFLAGS = "-ObjC";
				PRODUCT_NAME = "$(TARGET_NAME)";
				PROVISIONING_PROFILE = "e6c40cf7-b3af-49a7-9a07-25808244f9c5";
			};
			name = Debug;
		};
		C2E69C131BA2C53200A4E3A7 /* Release */ = {
			isa = XCBuildConfiguration;
			buildSettings = {
				ASSETCATALOG_COMPILER_APPICON_NAME = AppIcon;
				GCC_PREFIX_HEADER = /Users/lanou3g/Desktop/Wobo_lian/supporting/MyHeader.pch;
				INFOPLIST_FILE = Wobo_lian/Info.plist;
				LD_RUNPATH_SEARCH_PATHS = "$(inherited) @executable_path/Frameworks";
				LIBRARY_SEARCH_PATHS = (
					"$(inherited)",
					"$(PROJECT_DIR)/Wobo_lian/libWeiboSDK",
				);
				OTHER_LDFLAGS = "-ObjC";
				PRODUCT_NAME = "$(TARGET_NAME)";
				PROVISIONING_PROFILE = "e6c40cf7-b3af-49a7-9a07-25808244f9c5";
			};
			name = Release;
		};
		C2E69C151BA2C53200A4E3A7 /* Debug */ = {
			isa = XCBuildConfiguration;
			buildSettings = {
				BUNDLE_LOADER = "$(TEST_HOST)";
				FRAMEWORK_SEARCH_PATHS = (
					"$(SDKROOT)/Developer/Library/Frameworks",
					"$(inherited)",
				);
				GCC_PREPROCESSOR_DEFINITIONS = (
					"DEBUG=1",
					"$(inherited)",
				);
				INFOPLIST_FILE = Wobo_lianTests/Info.plist;
				LD_RUNPATH_SEARCH_PATHS = "$(inherited) @executable_path/Frameworks @loader_path/Frameworks";
				PRODUCT_NAME = "$(TARGET_NAME)";
				TEST_HOST = "$(BUILT_PRODUCTS_DIR)/Wobo_lian.app/Wobo_lian";
			};
			name = Debug;
		};
		C2E69C161BA2C53200A4E3A7 /* Release */ = {
			isa = XCBuildConfiguration;
			buildSettings = {
				BUNDLE_LOADER = "$(TEST_HOST)";
				FRAMEWORK_SEARCH_PATHS = (
					"$(SDKROOT)/Developer/Library/Frameworks",
					"$(inherited)",
				);
				INFOPLIST_FILE = Wobo_lianTests/Info.plist;
				LD_RUNPATH_SEARCH_PATHS = "$(inherited) @executable_path/Frameworks @loader_path/Frameworks";
				PRODUCT_NAME = "$(TARGET_NAME)";
				TEST_HOST = "$(BUILT_PRODUCTS_DIR)/Wobo_lian.app/Wobo_lian";
			};
			name = Release;
		};
/* End XCBuildConfiguration section */

/* Begin XCConfigurationList section */
		C2E69BE91BA2C53200A4E3A7 /* Build configuration list for PBXProject "Wobo_lian" */ = {
			isa = XCConfigurationList;
			buildConfigurations = (
				C2E69C0F1BA2C53200A4E3A7 /* Debug */,
				C2E69C101BA2C53200A4E3A7 /* Release */,
			);
			defaultConfigurationIsVisible = 0;
			defaultConfigurationName = Release;
		};
		C2E69C111BA2C53200A4E3A7 /* Build configuration list for PBXNativeTarget "Wobo_lian" */ = {
			isa = XCConfigurationList;
			buildConfigurations = (
				C2E69C121BA2C53200A4E3A7 /* Debug */,
				C2E69C131BA2C53200A4E3A7 /* Release */,
			);
			defaultConfigurationIsVisible = 0;
			defaultConfigurationName = Release;
		};
		C2E69C141BA2C53200A4E3A7 /* Build configuration list for PBXNativeTarget "Wobo_lianTests" */ = {
			isa = XCConfigurationList;
			buildConfigurations = (
				C2E69C151BA2C53200A4E3A7 /* Debug */,
				C2E69C161BA2C53200A4E3A7 /* Release */,
			);
			defaultConfigurationIsVisible = 0;
			defaultConfigurationName = Release;
		};
/* End XCConfigurationList section */
	};
	rootObject = C2E69BE61BA2C53200A4E3A7 /* Project object */;
}
